// !$*UTF8*$!
{
	archiveVersion = 1;
	classes = {
	};
	objectVersion = 56;
	objects = {

/* Begin PBXBuildFile section */
		820E5C832C875DF9005FD12B /* AppDelegate.swift in Sources */ = {isa = PBXBuildFile; fileRef = 820E5C822C875DF9005FD12B /* AppDelegate.swift */; };
		820E5C852C875DF9005FD12B /* SceneDelegate.swift in Sources */ = {isa = PBXBuildFile; fileRef = 820E5C842C875DF9005FD12B /* SceneDelegate.swift */; };
		820E5C872C875DF9005FD12B /* MainViewController.swift in Sources */ = {isa = PBXBuildFile; fileRef = 820E5C862C875DF9005FD12B /* MainViewController.swift */; };
		820E5C8C2C875DFC005FD12B /* Assets.xcassets in Resources */ = {isa = PBXBuildFile; fileRef = 820E5C8B2C875DFC005FD12B /* Assets.xcassets */; };
		820E5C8F2C875DFC005FD12B /* Base in Resources */ = {isa = PBXBuildFile; fileRef = 820E5C8E2C875DFC005FD12B /* Base */; };
		820E5C972C875E6F005FD12B /* .gitignore in Resources */ = {isa = PBXBuildFile; fileRef = 820E5C962C875E6F005FD12B /* .gitignore */; };
		820E5C9E2C87614E005FD12B /* MainPresenter.swift in Sources */ = {isa = PBXBuildFile; fileRef = 820E5C9D2C87614E005FD12B /* MainPresenter.swift */; };
		820E5CA02C876159005FD12B /* MainInteractor.swift in Sources */ = {isa = PBXBuildFile; fileRef = 820E5C9F2C876158005FD12B /* MainInteractor.swift */; };
		820E5CA42C87AAB0005FD12B /* ToDoTableViewCell.swift in Sources */ = {isa = PBXBuildFile; fileRef = 820E5CA32C87AAB0005FD12B /* ToDoTableViewCell.swift */; };
		820E5CA72C87AB0B005FD12B /* MainViewConstants.swift in Sources */ = {isa = PBXBuildFile; fileRef = 820E5CA62C87AB0B005FD12B /* MainViewConstants.swift */; };
		821B41222C8B0F850094213E /* PaddingLabel.swift in Sources */ = {isa = PBXBuildFile; fileRef = 821B41212C8B0F850094213E /* PaddingLabel.swift */; };
		821B41262C8B15AF0094213E /* CustomSegmentedControl.swift in Sources */ = {isa = PBXBuildFile; fileRef = 821B41252C8B15AF0094213E /* CustomSegmentedControl.swift */; };
		821B41292C8B1E4E0094213E /* UIImageExtension.swift in Sources */ = {isa = PBXBuildFile; fileRef = 821B41282C8B1E4E0094213E /* UIImageExtension.swift */; };
		826949542C8A108F0093719A /* ButtonWithExpandedHitbox.swift in Sources */ = {isa = PBXBuildFile; fileRef = 826949532C8A108F0093719A /* ButtonWithExpandedHitbox.swift */; };
		82B1B5952C8BAEFE008AB69C /* NetworkManager.swift in Sources */ = {isa = PBXBuildFile; fileRef = 82B1B5942C8BAEFE008AB69C /* NetworkManager.swift */; };
		82B1B5972C8BAFC5008AB69C /* NetworkRouter.swift in Sources */ = {isa = PBXBuildFile; fileRef = 82B1B5962C8BAFC5008AB69C /* NetworkRouter.swift */; };
		82B1B5992C8BB055008AB69C /* EndPointType.swift in Sources */ = {isa = PBXBuildFile; fileRef = 82B1B5982C8BB055008AB69C /* EndPointType.swift */; };
		82B1B59B2C8BB462008AB69C /* DummyApiEndPoint.swift in Sources */ = {isa = PBXBuildFile; fileRef = 82B1B59A2C8BB462008AB69C /* DummyApiEndPoint.swift */; };
		82B1B59D2C8BCE91008AB69C /* NetworkError.swift in Sources */ = {isa = PBXBuildFile; fileRef = 82B1B59C2C8BCE91008AB69C /* NetworkError.swift */; };
		82B1B59F2C8BDD9E008AB69C /* TodosResponse.swift in Sources */ = {isa = PBXBuildFile; fileRef = 82B1B59E2C8BDD9E008AB69C /* TodosResponse.swift */; };
/* End PBXBuildFile section */

/* Begin PBXFileReference section */
		820E5C7F2C875DF9005FD12B /* ToDoList.app */ = {isa = PBXFileReference; explicitFileType = wrapper.application; includeInIndex = 0; path = ToDoList.app; sourceTree = BUILT_PRODUCTS_DIR; };
		820E5C822C875DF9005FD12B /* AppDelegate.swift */ = {isa = PBXFileReference; lastKnownFileType = sourcecode.swift; path = AppDelegate.swift; sourceTree = "<group>"; };
		820E5C842C875DF9005FD12B /* SceneDelegate.swift */ = {isa = PBXFileReference; lastKnownFileType = sourcecode.swift; path = SceneDelegate.swift; sourceTree = "<group>"; };
		820E5C862C875DF9005FD12B /* MainViewController.swift */ = {isa = PBXFileReference; lastKnownFileType = sourcecode.swift; path = MainViewController.swift; sourceTree = "<group>"; };
		820E5C8B2C875DFC005FD12B /* Assets.xcassets */ = {isa = PBXFileReference; lastKnownFileType = folder.assetcatalog; path = Assets.xcassets; sourceTree = "<group>"; };
		820E5C8E2C875DFC005FD12B /* Base */ = {isa = PBXFileReference; lastKnownFileType = file.storyboard; name = Base; path = Base.lproj/LaunchScreen.storyboard; sourceTree = "<group>"; };
		820E5C902C875DFC005FD12B /* Info.plist */ = {isa = PBXFileReference; lastKnownFileType = text.plist.xml; path = Info.plist; sourceTree = "<group>"; };
		820E5C962C875E6F005FD12B /* .gitignore */ = {isa = PBXFileReference; lastKnownFileType = text; path = .gitignore; sourceTree = "<group>"; };
		820E5C9D2C87614E005FD12B /* MainPresenter.swift */ = {isa = PBXFileReference; lastKnownFileType = sourcecode.swift; path = MainPresenter.swift; sourceTree = "<group>"; };
		820E5C9F2C876158005FD12B /* MainInteractor.swift */ = {isa = PBXFileReference; lastKnownFileType = sourcecode.swift; path = MainInteractor.swift; sourceTree = "<group>"; };
		820E5CA32C87AAB0005FD12B /* ToDoTableViewCell.swift */ = {isa = PBXFileReference; lastKnownFileType = sourcecode.swift; path = ToDoTableViewCell.swift; sourceTree = "<group>"; };
		820E5CA62C87AB0B005FD12B /* MainViewConstants.swift */ = {isa = PBXFileReference; lastKnownFileType = sourcecode.swift; path = MainViewConstants.swift; sourceTree = "<group>"; };
		821B41212C8B0F850094213E /* PaddingLabel.swift */ = {isa = PBXFileReference; lastKnownFileType = sourcecode.swift; path = PaddingLabel.swift; sourceTree = "<group>"; };
		821B41252C8B15AF0094213E /* CustomSegmentedControl.swift */ = {isa = PBXFileReference; lastKnownFileType = sourcecode.swift; path = CustomSegmentedControl.swift; sourceTree = "<group>"; };
		821B41282C8B1E4E0094213E /* UIImageExtension.swift */ = {isa = PBXFileReference; lastKnownFileType = sourcecode.swift; path = UIImageExtension.swift; sourceTree = "<group>"; };
		826949532C8A108F0093719A /* ButtonWithExpandedHitbox.swift */ = {isa = PBXFileReference; lastKnownFileType = sourcecode.swift; path = ButtonWithExpandedHitbox.swift; sourceTree = "<group>"; };
		82B1B5942C8BAEFE008AB69C /* NetworkManager.swift */ = {isa = PBXFileReference; lastKnownFileType = sourcecode.swift; path = NetworkManager.swift; sourceTree = "<group>"; };
		82B1B5962C8BAFC5008AB69C /* NetworkRouter.swift */ = {isa = PBXFileReference; lastKnownFileType = sourcecode.swift; path = NetworkRouter.swift; sourceTree = "<group>"; };
		82B1B5982C8BB055008AB69C /* EndPointType.swift */ = {isa = PBXFileReference; lastKnownFileType = sourcecode.swift; path = EndPointType.swift; sourceTree = "<group>"; };
		82B1B59A2C8BB462008AB69C /* DummyApiEndPoint.swift */ = {isa = PBXFileReference; lastKnownFileType = sourcecode.swift; path = DummyApiEndPoint.swift; sourceTree = "<group>"; };
		82B1B59C2C8BCE91008AB69C /* NetworkError.swift */ = {isa = PBXFileReference; lastKnownFileType = sourcecode.swift; path = NetworkError.swift; sourceTree = "<group>"; };
		82B1B59E2C8BDD9E008AB69C /* TodosResponse.swift */ = {isa = PBXFileReference; lastKnownFileType = sourcecode.swift; path = TodosResponse.swift; sourceTree = "<group>"; };
/* End PBXFileReference section */

/* Begin PBXFrameworksBuildPhase section */
		820E5C7C2C875DF9005FD12B /* Frameworks */ = {
			isa = PBXFrameworksBuildPhase;
			buildActionMask = 2147483647;
			files = (
			);
			runOnlyForDeploymentPostprocessing = 0;
		};
/* End PBXFrameworksBuildPhase section */

/* Begin PBXGroup section */
		820E5C762C875DF9005FD12B = {
			isa = PBXGroup;
			children = (
				820E5C962C875E6F005FD12B /* .gitignore */,
				820E5C812C875DF9005FD12B /* ToDoList */,
				820E5C802C875DF9005FD12B /* Products */,
			);
			sourceTree = "<group>";
		};
		820E5C802C875DF9005FD12B /* Products */ = {
			isa = PBXGroup;
			children = (
				820E5C7F2C875DF9005FD12B /* ToDoList.app */,
			);
			name = Products;
			sourceTree = "<group>";
		};
		820E5C812C875DF9005FD12B /* ToDoList */ = {
			isa = PBXGroup;
			children = (
				820E5C822C875DF9005FD12B /* AppDelegate.swift */,
				820E5C842C875DF9005FD12B /* SceneDelegate.swift */,
				820E5C982C8760C9005FD12B /* MainModule */,
				821B412A2C8B87260094213E /* NetworkLayer */,
				82B1B5A42C8BE2DA008AB69C /* Errors */,
				827014B72C88B3CE000996C8 /* Utils */,
				820E5C8B2C875DFC005FD12B /* Assets.xcassets */,
				820E5C8D2C875DFC005FD12B /* LaunchScreen.storyboard */,
				820E5C902C875DFC005FD12B /* Info.plist */,
			);
			path = ToDoList;
			sourceTree = "<group>";
		};
		820E5C982C8760C9005FD12B /* MainModule */ = {
			isa = PBXGroup;
			children = (
				820E5C992C8760D4005FD12B /* View */,
				820E5C9B2C8760E1005FD12B /* Interactor */,
				820E5C9A2C8760DB005FD12B /* Presenter */,
				820E5C9C2C8760E8005FD12B /* Entity */,
			);
			path = MainModule;
			sourceTree = "<group>";
		};
		820E5C992C8760D4005FD12B /* View */ = {
			isa = PBXGroup;
			children = (
				821B41252C8B15AF0094213E /* CustomSegmentedControl.swift */,
				820E5CA32C87AAB0005FD12B /* ToDoTableViewCell.swift */,
				820E5C862C875DF9005FD12B /* MainViewController.swift */,
			);
			path = View;
			sourceTree = "<group>";
		};
		820E5C9A2C8760DB005FD12B /* Presenter */ = {
			isa = PBXGroup;
			children = (
				820E5C9D2C87614E005FD12B /* MainPresenter.swift */,
			);
			path = Presenter;
			sourceTree = "<group>";
		};
		820E5C9B2C8760E1005FD12B /* Interactor */ = {
			isa = PBXGroup;
			children = (
				820E5C9F2C876158005FD12B /* MainInteractor.swift */,
			);
			path = Interactor;
			sourceTree = "<group>";
		};
		820E5C9C2C8760E8005FD12B /* Entity */ = {
			isa = PBXGroup;
			children = (
			);
			path = Entity;
			sourceTree = "<group>";
		};
		820E5CA52C87AAF2005FD12B /* Constants */ = {
			isa = PBXGroup;
			children = (
				820E5CA62C87AB0B005FD12B /* MainViewConstants.swift */,
			);
			name = Constants;
			path = ..;
			sourceTree = "<group>";
		};
		821B41272C8B1E400094213E /* Extension */ = {
			isa = PBXGroup;
			children = (
				821B41282C8B1E4E0094213E /* UIImageExtension.swift */,
			);
			path = Extension;
			sourceTree = "<group>";
		};
		821B412A2C8B87260094213E /* NetworkLayer */ = {
			isa = PBXGroup;
			children = (
				82B1B5A12C8BE0B5008AB69C /* DummyAPI */,
				82B1B5942C8BAEFE008AB69C /* NetworkManager.swift */,
				82B1B5962C8BAFC5008AB69C /* NetworkRouter.swift */,
				82B1B5982C8BB055008AB69C /* EndPointType.swift */,
			);
			path = NetworkLayer;
			sourceTree = "<group>";
		};
		827014B72C88B3CE000996C8 /* Utils */ = {
			isa = PBXGroup;
			children = (
				821B41272C8B1E400094213E /* Extension */,
				827014B82C88B3FD000996C8 /* CustomClasses */,
				820E5CA52C87AAF2005FD12B /* Constants */,
			);
			name = Utils;
			path = Constants/Utils;
			sourceTree = "<group>";
		};
		827014B82C88B3FD000996C8 /* CustomClasses */ = {
			isa = PBXGroup;
			children = (
				826949532C8A108F0093719A /* ButtonWithExpandedHitbox.swift */,
				821B41212C8B0F850094213E /* PaddingLabel.swift */,
			);
			path = CustomClasses;
			sourceTree = "<group>";
		};
		82B1B5A12C8BE0B5008AB69C /* DummyAPI */ = {
			isa = PBXGroup;
			children = (
				82B1B59A2C8BB462008AB69C /* DummyApiEndPoint.swift */,
				82B1B5A32C8BE0D8008AB69C /* Response */,
			);
			path = DummyAPI;
			sourceTree = "<group>";
		};
		82B1B5A32C8BE0D8008AB69C /* Response */ = {
			isa = PBXGroup;
			children = (
				82B1B59E2C8BDD9E008AB69C /* TodosResponse.swift */,
			);
			path = Response;
			sourceTree = "<group>";
		};
		82B1B5A42C8BE2DA008AB69C /* Errors */ = {
			isa = PBXGroup;
			children = (
				82B1B59C2C8BCE91008AB69C /* NetworkError.swift */,
			);
			path = Errors;
			sourceTree = "<group>";
		};
/* End PBXGroup section */

/* Begin PBXNativeTarget section */
		820E5C7E2C875DF9005FD12B /* ToDoList */ = {
			isa = PBXNativeTarget;
			buildConfigurationList = 820E5C932C875DFC005FD12B /* Build configuration list for PBXNativeTarget "ToDoList" */;
			buildPhases = (
				820E5C7B2C875DF9005FD12B /* Sources */,
				820E5C7C2C875DF9005FD12B /* Frameworks */,
				820E5C7D2C875DF9005FD12B /* Resources */,
			);
			buildRules = (
			);
			dependencies = (
			);
			name = ToDoList;
			productName = ToDoList;
			productReference = 820E5C7F2C875DF9005FD12B /* ToDoList.app */;
			productType = "com.apple.product-type.application";
		};
/* End PBXNativeTarget section */

/* Begin PBXProject section */
		820E5C772C875DF9005FD12B /* Project object */ = {
			isa = PBXProject;
			attributes = {
				BuildIndependentTargetsInParallel = 1;
				LastSwiftUpdateCheck = 1540;
				LastUpgradeCheck = 1540;
				TargetAttributes = {
					820E5C7E2C875DF9005FD12B = {
						CreatedOnToolsVersion = 15.4;
					};
				};
			};
			buildConfigurationList = 820E5C7A2C875DF9005FD12B /* Build configuration list for PBXProject "ToDoList" */;
			compatibilityVersion = "Xcode 14.0";
			developmentRegion = en;
			hasScannedForEncodings = 0;
			knownRegions = (
				en,
				Base,
			);
			mainGroup = 820E5C762C875DF9005FD12B;
			productRefGroup = 820E5C802C875DF9005FD12B /* Products */;
			projectDirPath = "";
			projectRoot = "";
			targets = (
				820E5C7E2C875DF9005FD12B /* ToDoList */,
			);
		};
/* End PBXProject section */

/* Begin PBXResourcesBuildPhase section */
		820E5C7D2C875DF9005FD12B /* Resources */ = {
			isa = PBXResourcesBuildPhase;
			buildActionMask = 2147483647;
			files = (
				820E5C972C875E6F005FD12B /* .gitignore in Resources */,
				820E5C8C2C875DFC005FD12B /* Assets.xcassets in Resources */,
				820E5C8F2C875DFC005FD12B /* Base in Resources */,
			);
			runOnlyForDeploymentPostprocessing = 0;
		};
/* End PBXResourcesBuildPhase section */

/* Begin PBXSourcesBuildPhase section */
		820E5C7B2C875DF9005FD12B /* Sources */ = {
			isa = PBXSourcesBuildPhase;
			buildActionMask = 2147483647;
			files = (
				82B1B5952C8BAEFE008AB69C /* NetworkManager.swift in Sources */,
				82B1B59D2C8BCE91008AB69C /* NetworkError.swift in Sources */,
				826949542C8A108F0093719A /* ButtonWithExpandedHitbox.swift in Sources */,
				820E5C872C875DF9005FD12B /* MainViewController.swift in Sources */,
				820E5C832C875DF9005FD12B /* AppDelegate.swift in Sources */,
				821B41262C8B15AF0094213E /* CustomSegmentedControl.swift in Sources */,
				821B41292C8B1E4E0094213E /* UIImageExtension.swift in Sources */,
				82B1B5992C8BB055008AB69C /* EndPointType.swift in Sources */,
				820E5CA72C87AB0B005FD12B /* MainViewConstants.swift in Sources */,
				820E5CA42C87AAB0005FD12B /* ToDoTableViewCell.swift in Sources */,
				82B1B59B2C8BB462008AB69C /* DummyApiEndPoint.swift in Sources */,
				82B1B5972C8BAFC5008AB69C /* NetworkRouter.swift in Sources */,
				820E5C852C875DF9005FD12B /* SceneDelegate.swift in Sources */,
				82B1B59F2C8BDD9E008AB69C /* TodosResponse.swift in Sources */,
				821B41222C8B0F850094213E /* PaddingLabel.swift in Sources */,
				820E5CA02C876159005FD12B /* MainInteractor.swift in Sources */,
				820E5C9E2C87614E005FD12B /* MainPresenter.swift in Sources */,
			);
			runOnlyForDeploymentPostprocessing = 0;
		};
/* End PBXSourcesBuildPhase section */

/* Begin PBXVariantGroup section */
		820E5C8D2C875DFC005FD12B /* LaunchScreen.storyboard */ = {
			isa = PBXVariantGroup;
			children = (
				820E5C8E2C875DFC005FD12B /* Base */,
			);
			name = LaunchScreen.storyboard;
			sourceTree = "<group>";
		};
/* End PBXVariantGroup section */

/* Begin XCBuildConfiguration section */
		820E5C912C875DFC005FD12B /* Debug */ = {
			isa = XCBuildConfiguration;
			buildSettings = {
				ALWAYS_SEARCH_USER_PATHS = NO;
				ASSETCATALOG_COMPILER_GENERATE_SWIFT_ASSET_SYMBOL_EXTENSIONS = YES;
				CLANG_ANALYZER_NONNULL = YES;
				CLANG_ANALYZER_NUMBER_OBJECT_CONVERSION = YES_AGGRESSIVE;
				CLANG_CXX_LANGUAGE_STANDARD = "gnu++20";
				CLANG_ENABLE_MODULES = YES;
				CLANG_ENABLE_OBJC_ARC = YES;
				CLANG_ENABLE_OBJC_WEAK = YES;
				CLANG_WARN_BLOCK_CAPTURE_AUTORELEASING = YES;
				CLANG_WARN_BOOL_CONVERSION = YES;
				CLANG_WARN_COMMA = YES;
				CLANG_WARN_CONSTANT_CONVERSION = YES;
				CLANG_WARN_DEPRECATED_OBJC_IMPLEMENTATIONS = YES;
				CLANG_WARN_DIRECT_OBJC_ISA_USAGE = YES_ERROR;
				CLANG_WARN_DOCUMENTATION_COMMENTS = YES;
				CLANG_WARN_EMPTY_BODY = YES;
				CLANG_WARN_ENUM_CONVERSION = YES;
				CLANG_WARN_INFINITE_RECURSION = YES;
				CLANG_WARN_INT_CONVERSION = YES;
				CLANG_WARN_NON_LITERAL_NULL_CONVERSION = YES;
				CLANG_WARN_OBJC_IMPLICIT_RETAIN_SELF = YES;
				CLANG_WARN_OBJC_LITERAL_CONVERSION = YES;
				CLANG_WARN_OBJC_ROOT_CLASS = YES_ERROR;
				CLANG_WARN_QUOTED_INCLUDE_IN_FRAMEWORK_HEADER = YES;
				CLANG_WARN_RANGE_LOOP_ANALYSIS = YES;
				CLANG_WARN_STRICT_PROTOTYPES = YES;
				CLANG_WARN_SUSPICIOUS_MOVE = YES;
				CLANG_WARN_UNGUARDED_AVAILABILITY = YES_AGGRESSIVE;
				CLANG_WARN_UNREACHABLE_CODE = YES;
				CLANG_WARN__DUPLICATE_METHOD_MATCH = YES;
				COPY_PHASE_STRIP = NO;
				DEBUG_INFORMATION_FORMAT = dwarf;
				ENABLE_STRICT_OBJC_MSGSEND = YES;
				ENABLE_TESTABILITY = YES;
				ENABLE_USER_SCRIPT_SANDBOXING = YES;
				GCC_C_LANGUAGE_STANDARD = gnu17;
				GCC_DYNAMIC_NO_PIC = NO;
				GCC_NO_COMMON_BLOCKS = YES;
				GCC_OPTIMIZATION_LEVEL = 0;
				GCC_PREPROCESSOR_DEFINITIONS = (
					"DEBUG=1",
					"$(inherited)",
				);
				GCC_WARN_64_TO_32_BIT_CONVERSION = YES;
				GCC_WARN_ABOUT_RETURN_TYPE = YES_ERROR;
				GCC_WARN_UNDECLARED_SELECTOR = YES;
				GCC_WARN_UNINITIALIZED_AUTOS = YES_AGGRESSIVE;
				GCC_WARN_UNUSED_FUNCTION = YES;
				GCC_WARN_UNUSED_VARIABLE = YES;
				IPHONEOS_DEPLOYMENT_TARGET = 17.5;
				LOCALIZATION_PREFERS_STRING_CATALOGS = YES;
				MTL_ENABLE_DEBUG_INFO = INCLUDE_SOURCE;
				MTL_FAST_MATH = YES;
				ONLY_ACTIVE_ARCH = YES;
				SDKROOT = iphoneos;
				SWIFT_ACTIVE_COMPILATION_CONDITIONS = "DEBUG $(inherited)";
				SWIFT_OPTIMIZATION_LEVEL = "-Onone";
			};
			name = Debug;
		};
		820E5C922C875DFC005FD12B /* Release */ = {
			isa = XCBuildConfiguration;
			buildSettings = {
				ALWAYS_SEARCH_USER_PATHS = NO;
				ASSETCATALOG_COMPILER_GENERATE_SWIFT_ASSET_SYMBOL_EXTENSIONS = YES;
				CLANG_ANALYZER_NONNULL = YES;
				CLANG_ANALYZER_NUMBER_OBJECT_CONVERSION = YES_AGGRESSIVE;
				CLANG_CXX_LANGUAGE_STANDARD = "gnu++20";
				CLANG_ENABLE_MODULES = YES;
				CLANG_ENABLE_OBJC_ARC = YES;
				CLANG_ENABLE_OBJC_WEAK = YES;
				CLANG_WARN_BLOCK_CAPTURE_AUTORELEASING = YES;
				CLANG_WARN_BOOL_CONVERSION = YES;
				CLANG_WARN_COMMA = YES;
				CLANG_WARN_CONSTANT_CONVERSION = YES;
				CLANG_WARN_DEPRECATED_OBJC_IMPLEMENTATIONS = YES;
				CLANG_WARN_DIRECT_OBJC_ISA_USAGE = YES_ERROR;
				CLANG_WARN_DOCUMENTATION_COMMENTS = YES;
				CLANG_WARN_EMPTY_BODY = YES;
				CLANG_WARN_ENUM_CONVERSION = YES;
				CLANG_WARN_INFINITE_RECURSION = YES;
				CLANG_WARN_INT_CONVERSION = YES;
				CLANG_WARN_NON_LITERAL_NULL_CONVERSION = YES;
				CLANG_WARN_OBJC_IMPLICIT_RETAIN_SELF = YES;
				CLANG_WARN_OBJC_LITERAL_CONVERSION = YES;
				CLANG_WARN_OBJC_ROOT_CLASS = YES_ERROR;
				CLANG_WARN_QUOTED_INCLUDE_IN_FRAMEWORK_HEADER = YES;
				CLANG_WARN_RANGE_LOOP_ANALYSIS = YES;
				CLANG_WARN_STRICT_PROTOTYPES = YES;
				CLANG_WARN_SUSPICIOUS_MOVE = YES;
				CLANG_WARN_UNGUARDED_AVAILABILITY = YES_AGGRESSIVE;
				CLANG_WARN_UNREACHABLE_CODE = YES;
				CLANG_WARN__DUPLICATE_METHOD_MATCH = YES;
				COPY_PHASE_STRIP = NO;
				DEBUG_INFORMATION_FORMAT = "dwarf-with-dsym";
				ENABLE_NS_ASSERTIONS = NO;
				ENABLE_STRICT_OBJC_MSGSEND = YES;
				ENABLE_USER_SCRIPT_SANDBOXING = YES;
				GCC_C_LANGUAGE_STANDARD = gnu17;
				GCC_NO_COMMON_BLOCKS = YES;
				GCC_WARN_64_TO_32_BIT_CONVERSION = YES;
				GCC_WARN_ABOUT_RETURN_TYPE = YES_ERROR;
				GCC_WARN_UNDECLARED_SELECTOR = YES;
				GCC_WARN_UNINITIALIZED_AUTOS = YES_AGGRESSIVE;
				GCC_WARN_UNUSED_FUNCTION = YES;
				GCC_WARN_UNUSED_VARIABLE = YES;
				IPHONEOS_DEPLOYMENT_TARGET = 17.5;
				LOCALIZATION_PREFERS_STRING_CATALOGS = YES;
				MTL_ENABLE_DEBUG_INFO = NO;
				MTL_FAST_MATH = YES;
				SDKROOT = iphoneos;
				SWIFT_COMPILATION_MODE = wholemodule;
				VALIDATE_PRODUCT = YES;
			};
			name = Release;
		};
		820E5C942C875DFC005FD12B /* Debug */ = {
			isa = XCBuildConfiguration;
			buildSettings = {
				ASSETCATALOG_COMPILER_APPICON_NAME = AppIcon;
				ASSETCATALOG_COMPILER_GLOBAL_ACCENT_COLOR_NAME = AccentColor;
				CODE_SIGN_STYLE = Automatic;
				CURRENT_PROJECT_VERSION = 1;
				DEVELOPMENT_TEAM = BMJF63URC7;
				GENERATE_INFOPLIST_FILE = YES;
				INFOPLIST_FILE = ToDoList/Info.plist;
				INFOPLIST_KEY_UIApplicationSupportsIndirectInputEvents = YES;
				INFOPLIST_KEY_UILaunchStoryboardName = LaunchScreen;
				INFOPLIST_KEY_UISupportedInterfaceOrientations = UIInterfaceOrientationPortrait;
				INFOPLIST_KEY_UISupportedInterfaceOrientations_iPad = "UIInterfaceOrientationLandscapeLeft UIInterfaceOrientationLandscapeRight UIInterfaceOrientationPortrait UIInterfaceOrientationPortraitUpsideDown";
				LD_RUNPATH_SEARCH_PATHS = (
					"$(inherited)",
					"@executable_path/Frameworks",
				);
				MARKETING_VERSION = 1.0;
				PRODUCT_BUNDLE_IDENTIFIER = studying.ToDoList;
				PRODUCT_NAME = "$(TARGET_NAME)";
				SUPPORTED_PLATFORMS = "iphoneos iphonesimulator";
				SUPPORTS_MACCATALYST = NO;
				SUPPORTS_MAC_DESIGNED_FOR_IPHONE_IPAD = NO;
				SUPPORTS_XR_DESIGNED_FOR_IPHONE_IPAD = NO;
				SWIFT_EMIT_LOC_STRINGS = YES;
				SWIFT_VERSION = 5.0;
				TARGETED_DEVICE_FAMILY = 1;
			};
			name = Debug;
		};
		820E5C952C875DFC005FD12B /* Release */ = {
			isa = XCBuildConfiguration;
			buildSettings = {
				ASSETCATALOG_COMPILER_APPICON_NAME = AppIcon;
				ASSETCATALOG_COMPILER_GLOBAL_ACCENT_COLOR_NAME = AccentColor;
				CODE_SIGN_STYLE = Automatic;
				CURRENT_PROJECT_VERSION = 1;
				DEVELOPMENT_TEAM = BMJF63URC7;
				GENERATE_INFOPLIST_FILE = YES;
				INFOPLIST_FILE = ToDoList/Info.plist;
				INFOPLIST_KEY_UIApplicationSupportsIndirectInputEvents = YES;
				INFOPLIST_KEY_UILaunchStoryboardName = LaunchScreen;
				INFOPLIST_KEY_UISupportedInterfaceOrientations = UIInterfaceOrientationPortrait;
				INFOPLIST_KEY_UISupportedInterfaceOrientations_iPad = "UIInterfaceOrientationLandscapeLeft UIInterfaceOrientationLandscapeRight UIInterfaceOrientationPortrait UIInterfaceOrientationPortraitUpsideDown";
				LD_RUNPATH_SEARCH_PATHS = (
					"$(inherited)",
					"@executable_path/Frameworks",
				);
				MARKETING_VERSION = 1.0;
				PRODUCT_BUNDLE_IDENTIFIER = studying.ToDoList;
				PRODUCT_NAME = "$(TARGET_NAME)";
				SUPPORTED_PLATFORMS = "iphoneos iphonesimulator";
				SUPPORTS_MACCATALYST = NO;
				SUPPORTS_MAC_DESIGNED_FOR_IPHONE_IPAD = NO;
				SUPPORTS_XR_DESIGNED_FOR_IPHONE_IPAD = NO;
				SWIFT_EMIT_LOC_STRINGS = YES;
				SWIFT_VERSION = 5.0;
				TARGETED_DEVICE_FAMILY = 1;
			};
			name = Release;
		};
/* End XCBuildConfiguration section */

/* Begin XCConfigurationList section */
		820E5C7A2C875DF9005FD12B /* Build configuration list for PBXProject "ToDoList" */ = {
			isa = XCConfigurationList;
			buildConfigurations = (
				820E5C912C875DFC005FD12B /* Debug */,
				820E5C922C875DFC005FD12B /* Release */,
			);
			defaultConfigurationIsVisible = 0;
			defaultConfigurationName = Release;
		};
		820E5C932C875DFC005FD12B /* Build configuration list for PBXNativeTarget "ToDoList" */ = {
			isa = XCConfigurationList;
			buildConfigurations = (
				820E5C942C875DFC005FD12B /* Debug */,
				820E5C952C875DFC005FD12B /* Release */,
			);
			defaultConfigurationIsVisible = 0;
			defaultConfigurationName = Release;
		};
/* End XCConfigurationList section */
	};
	rootObject = 820E5C772C875DF9005FD12B /* Project object */;
}
